PODS:
  - Flutter (1.0.0)
  - integration_test (0.0.1):
    - Flutter
  - ontrace_flutter_plugin (0.0.10):
    - Flutter
    - OntraceSDK (~> 0.0.23)
  - OntraceSDK (0.0.23)

DEPENDENCIES:
  - Flutter (from `Flutter`)
  - integration_test (from `.symlinks/plugins/integration_test/ios`)
  - ontrace_flutter_plugin (from `.symlinks/plugins/ontrace_flutter_plugin/ios`)

SPEC REPOS:
  trunk:
    - OntraceSDK

EXTERNAL SOURCES:
  Flutter:
    :path: Flutter
  integration_test:
    :path: ".symlinks/plugins/integration_test/ios"
  ontrace_flutter_plugin:
    :path: ".symlinks/plugins/ontrace_flutter_plugin/ios"

SPEC CHECKSUMS:
  Flutter: e0871f40cf51350855a761d2e70bf5af5b9b5de7
  integration_test: 4a889634ef21a45d28d50d622cf412dc6d9f586e
  ontrace_flutter_plugin: c33af4b79d2d6c2ab50e161faec8dc18519244d4
  OntraceSDK: a5ff05ed371553e132555861be89d3caeebe7d55

PODFILE CHECKSUM: 32afe3f7a8e7edb0c34ec90e8c35a47f4cc68b5e

COCOAPODS: 1.16.2
