PODS:
  - Flutter (1.0.0)
  - integration_test (0.0.1):
    - Flutter
  - ontrace_flutter_plugin (0.0.1):
    - Flutter

DEPENDENCIES:
  - Flutter (from `Flutter`)
  - integration_test (from `.symlinks/plugins/integration_test/ios`)
  - ontrace_flutter_plugin (from `.symlinks/plugins/ontrace_flutter_plugin/ios`)

EXTERNAL SOURCES:
  Flutter:
    :path: Flutter
  integration_test:
    :path: ".symlinks/plugins/integration_test/ios"
  ontrace_flutter_plugin:
    :path: ".symlinks/plugins/ontrace_flutter_plugin/ios"

SPEC CHECKSUMS:
  Flutter: e0871f40cf51350855a761d2e70bf5af5b9b5de7
  integration_test: 252f60fa39af5e17c3aa9899d35d908a0721b573
  ontrace_flutter_plugin: c2f822d63f8f112d6497ac3439a1f09742d4fdb0

PODFILE CHECKSUM: a57f30d18f102dd3ce366b1d62a55ecbef2158e5

COCOAPODS: 1.15.2
