PODS:
  - Flutter (1.0.0)
  - integration_test (0.0.1):
    - Flutter
  - lottie-ios (4.5.0)
  - ontrace_flutter_plugin (0.0.7):
    - Flutter
    - OntraceSDK (~> 0.0.7)
  - OntraceSDK (0.0.7):
    - lottie-ios (~> 4.5.0)

DEPENDENCIES:
  - Flutter (from `Flutter`)
  - integration_test (from `.symlinks/plugins/integration_test/ios`)
  - ontrace_flutter_plugin (from `.symlinks/plugins/ontrace_flutter_plugin/ios`)

SPEC REPOS:
  trunk:
    - lottie-ios
    - OntraceSDK

EXTERNAL SOURCES:
  Flutter:
    :path: Flutter
  integration_test:
    :path: ".symlinks/plugins/integration_test/ios"
  ontrace_flutter_plugin:
    :path: ".symlinks/plugins/ontrace_flutter_plugin/ios"

SPEC CHECKSUMS:
  Flutter: e0871f40cf51350855a761d2e70bf5af5b9b5de7
  integration_test: 252f60fa39af5e17c3aa9899d35d908a0721b573
  lottie-ios: a881093fab623c467d3bce374367755c272bdd59
  ontrace_flutter_plugin: 864262bf4c0b4a9bb40fcd632a264d031772947c
  OntraceSDK: 9f02db429c450d2300e05adf719c70f7fea6be94

PODFILE CHECKSUM: 32afe3f7a8e7edb0c34ec90e8c35a47f4cc68b5e

COCOAPODS: 1.16.2
